
Microsoft Visual Studio Solution File, Format Version 12.00
# Visual Studio Version 17
VisualStudioVersion = 17.5.002.0
MinimumVisualStudioVersion = 10.0.40219.1
Project("{2150E333-8FDC-42A3-9474-1A3956D46DE8}") = "_Listas", "_Listas", "{1869E31B-410D-4A05-9533-C7D8911F5199}"
EndProject
Project("{2150E333-8FDC-42A3-9474-1A3956D46DE8}") = "Lista1", "Lista1", "{43768365-0039-4074-BB16-075D604F3086}"
EndProject
Project("{9A19103F-16F7-4668-BE54-9A1E7A4F7556}") = "Exercicio1", "_Listas\Lista1\Exercicio1\Exercicio1.csproj", "{BB08141E-AB35-4543-B321-2165996CEB72}"
EndProject
Project("{9A19103F-16F7-4668-BE54-9A1E7A4F7556}") = "Exercicio2", "_Listas\Lista1\Exercicio2\Exercicio2.csproj", "{2861F404-BBC2-4365-96A2-4E9DABDC45B3}"
EndProject
Project("{9A19103F-16F7-4668-BE54-9A1E7A4F7556}") = "Exercicio3", "_Listas\Lista1\Exercicio3\Exercicio3.csproj", "{07EB0290-5489-4268-A04C-30B627A26583}"
EndProject
Global
	GlobalSection(SolutionConfigurationPlatforms) = preSolution
		Debug|Any CPU = Debug|Any CPU
		Release|Any CPU = Release|Any CPU
	EndGlobalSection
	GlobalSection(ProjectConfigurationPlatforms) = postSolution
		{BB08141E-AB35-4543-B321-2165996CEB72}.Debug|Any CPU.ActiveCfg = Debug|Any CPU
		{BB08141E-AB35-4543-B321-2165996CEB72}.Debug|Any CPU.Build.0 = Debug|Any CPU
		{BB08141E-AB35-4543-B321-2165996CEB72}.Release|Any CPU.ActiveCfg = Release|Any CPU
		{BB08141E-AB35-4543-B321-2165996CEB72}.Release|Any CPU.Build.0 = Release|Any CPU
		{2861F404-BBC2-4365-96A2-4E9DABDC45B3}.Debug|Any CPU.ActiveCfg = Debug|Any CPU
		{2861F404-BBC2-4365-96A2-4E9DABDC45B3}.Debug|Any CPU.Build.0 = Debug|Any CPU
		{2861F404-BBC2-4365-96A2-4E9DABDC45B3}.Release|Any CPU.ActiveCfg = Release|Any CPU
		{2861F404-BBC2-4365-96A2-4E9DABDC45B3}.Release|Any CPU.Build.0 = Release|Any CPU
		{07EB0290-5489-4268-A04C-30B627A26583}.Debug|Any CPU.ActiveCfg = Debug|Any CPU
		{07EB0290-5489-4268-A04C-30B627A26583}.Debug|Any CPU.Build.0 = Debug|Any CPU
		{07EB0290-5489-4268-A04C-30B627A26583}.Release|Any CPU.ActiveCfg = Release|Any CPU
		{07EB0290-5489-4268-A04C-30B627A26583}.Release|Any CPU.Build.0 = Release|Any CPU
	EndGlobalSection
	GlobalSection(SolutionProperties) = preSolution
		HideSolutionNode = FALSE
	EndGlobalSection
	GlobalSection(NestedProjects) = preSolution
		{43768365-0039-4074-BB16-075D604F3086} = {1869E31B-410D-4A05-9533-C7D8911F5199}
		{BB08141E-AB35-4543-B321-2165996CEB72} = {43768365-0039-4074-BB16-075D604F3086}
		{2861F404-BBC2-4365-96A2-4E9DABDC45B3} = {43768365-0039-4074-BB16-075D604F3086}
		{07EB0290-5489-4268-A04C-30B627A26583} = {43768365-0039-4074-BB16-075D604F3086}
	EndGlobalSection
	GlobalSection(ExtensibilityGlobals) = postSolution
		SolutionGuid = {DF6D6D00-3FBE-4749-8360-71DF3C9609D4}
	EndGlobalSection
EndGlobal
