
Microsoft Visual Studio Solution File, Format Version 12.00
# Visual Studio Version 17
VisualStudioVersion = 17.5.002.0
MinimumVisualStudioVersion = 10.0.40219.1
Project("{9A19103F-16F7-4668-BE54-9A1E7A4F7556}") = "Exercicio3", "Exercicio3.csproj", "{AD4F19A1-57FE-4152-9DE4-56C87F6047F4}"
EndProject
Global
	GlobalSection(SolutionConfigurationPlatforms) = preSolution
		Debug|Any CPU = Debug|Any CPU
		Release|Any CPU = Release|Any CPU
	EndGlobalSection
	GlobalSection(ProjectConfigurationPlatforms) = postSolution
		{AD4F19A1-57FE-4152-9DE4-56C87F6047F4}.Debug|Any CPU.ActiveCfg = Debug|Any CPU
		{AD4F19A1-57FE-4152-9DE4-56C87F6047F4}.Debug|Any CPU.Build.0 = Debug|Any CPU
		{AD4F19A1-57FE-4152-9DE4-56C87F6047F4}.Release|Any CPU.ActiveCfg = Release|Any CPU
		{AD4F19A1-57FE-4152-9DE4-56C87F6047F4}.Release|Any CPU.Build.0 = Release|Any CPU
	EndGlobalSection
	GlobalSection(SolutionProperties) = preSolution
		HideSolutionNode = FALSE
	EndGlobalSection
	GlobalSection(ExtensibilityGlobals) = postSolution
		SolutionGuid = {314E097D-6FD0-4C20-B966-951DD125C1BD}
	EndGlobalSection
EndGlobal
