
Microsoft Visual Studio Solution File, Format Version 12.00
# Visual Studio Version 17
VisualStudioVersion = 17.5.002.0
MinimumVisualStudioVersion = 10.0.40219.1
Project("{9A19103F-16F7-4668-BE54-9A1E7A4F7556}") = "Exercicio5", "Exercicio5.csproj", "{8BD2E0F2-87D6-4796-9E82-BCBBB5BD7069}"
EndProject
Global
	GlobalSection(SolutionConfigurationPlatforms) = preSolution
		Debug|Any CPU = Debug|Any CPU
		Release|Any CPU = Release|Any CPU
	EndGlobalSection
	GlobalSection(ProjectConfigurationPlatforms) = postSolution
		{8BD2E0F2-87D6-4796-9E82-BCBBB5BD7069}.Debug|Any CPU.ActiveCfg = Debug|Any CPU
		{8BD2E0F2-87D6-4796-9E82-BCBBB5BD7069}.Debug|Any CPU.Build.0 = Debug|Any CPU
		{8BD2E0F2-87D6-4796-9E82-BCBBB5BD7069}.Release|Any CPU.ActiveCfg = Release|Any CPU
		{8BD2E0F2-87D6-4796-9E82-BCBBB5BD7069}.Release|Any CPU.Build.0 = Release|Any CPU
	EndGlobalSection
	GlobalSection(SolutionProperties) = preSolution
		HideSolutionNode = FALSE
	EndGlobalSection
	GlobalSection(ExtensibilityGlobals) = postSolution
		SolutionGuid = {7CA86CD1-30DB-4C79-8A99-6B7399E622CF}
	EndGlobalSection
EndGlobal
